// !$*UTF8*$!
{
	archiveVersion = 1;
	classes = {
	};
	objectVersion = 55;
	objects = {

/* Begin PBXBuildFile section */
		187CECA128B679AF009CE1C1 /* FoodrApp.swift in Sources */ = {isa = PBXBuildFile; fileRef = 187CECA028B679AF009CE1C1 /* FoodrApp.swift */; };
		187CECA328B679AF009CE1C1 /* ContentView.swift in Sources */ = {isa = PBXBuildFile; fileRef = 187CECA228B679AF009CE1C1 /* ContentView.swift */; };
		187CECA528B679B1009CE1C1 /* Assets.xcassets in Resources */ = {isa = PBXBuildFile; fileRef = 187CECA428B679B1009CE1C1 /* Assets.xcassets */; };
		187CECA828B679B1009CE1C1 /* Preview Assets.xcassets in Resources */ = {isa = PBXBuildFile; fileRef = 187CECA728B679B1009CE1C1 /* Preview Assets.xcassets */; };
		187CECB028B67F83009CE1C1 /* MQTTNIO in Frameworks */ = {isa = PBXBuildFile; productRef = 187CECAF28B67F83009CE1C1 /* MQTTNIO */; };
		187CECB328B68146009CE1C1 /* SotoSigner in Frameworks */ = {isa = PBXBuildFile; productRef = 187CECB228B68146009CE1C1 /* SotoSigner */; };
		187CECB528B7769B009CE1C1 /* ViewModel.swift in Sources */ = {isa = PBXBuildFile; fileRef = 187CECB428B7769B009CE1C1 /* ViewModel.swift */; };
/* End PBXBuildFile section */

/* Begin PBXFileReference section */
		187CEC9D28B679AF009CE1C1 /* Foodr.app */ = {isa = PBXFileReference; explicitFileType = wrapper.application; includeInIndex = 0; path = Foodr.app; sourceTree = BUILT_PRODUCTS_DIR; };
		187CECA028B679AF009CE1C1 /* FoodrApp.swift */ = {isa = PBXFileReference; lastKnownFileType = sourcecode.swift; path = FoodrApp.swift; sourceTree = "<group>"; };
		187CECA228B679AF009CE1C1 /* ContentView.swift */ = {isa = PBXFileReference; lastKnownFileType = sourcecode.swift; path = ContentView.swift; sourceTree = "<group>"; };
		187CECA428B679B1009CE1C1 /* Assets.xcassets */ = {isa = PBXFileReference; lastKnownFileType = folder.assetcatalog; path = Assets.xcassets; sourceTree = "<group>"; };
		187CECA728B679B1009CE1C1 /* Preview Assets.xcassets */ = {isa = PBXFileReference; lastKnownFileType = folder.assetcatalog; path = "Preview Assets.xcassets"; sourceTree = "<group>"; };
		187CECB428B7769B009CE1C1 /* ViewModel.swift */ = {isa = PBXFileReference; lastKnownFileType = sourcecode.swift; path = ViewModel.swift; sourceTree = "<group>"; };
/* End PBXFileReference section */

/* Begin PBXFrameworksBuildPhase section */
		187CEC9A28B679AF009CE1C1 /* Frameworks */ = {
			isa = PBXFrameworksBuildPhase;
			buildActionMask = 2147483647;
			files = (
				187CECB028B67F83009CE1C1 /* MQTTNIO in Frameworks */,
				187CECB328B68146009CE1C1 /* SotoSigner in Frameworks */,
			);
			runOnlyForDeploymentPostprocessing = 0;
		};
/* End PBXFrameworksBuildPhase section */

/* Begin PBXGroup section */
		187CEC9428B679AE009CE1C1 = {
			isa = PBXGroup;
			children = (
				187CEC9F28B679AF009CE1C1 /* Foodr */,
				187CEC9E28B679AF009CE1C1 /* Products */,
			);
			sourceTree = "<group>";
		};
		187CEC9E28B679AF009CE1C1 /* Products */ = {
			isa = PBXGroup;
			children = (
				187CEC9D28B679AF009CE1C1 /* Foodr.app */,
			);
			name = Products;
			sourceTree = "<group>";
		};
		187CEC9F28B679AF009CE1C1 /* Foodr */ = {
			isa = PBXGroup;
			children = (
				187CECA028B679AF009CE1C1 /* FoodrApp.swift */,
				187CECA228B679AF009CE1C1 /* ContentView.swift */,
				187CECA428B679B1009CE1C1 /* Assets.xcassets */,
				187CECA628B679B1009CE1C1 /* Preview Content */,
				187CECB428B7769B009CE1C1 /* ViewModel.swift */,
			);
			path = Foodr;
			sourceTree = "<group>";
		};
		187CECA628B679B1009CE1C1 /* Preview Content */ = {
			isa = PBXGroup;
			children = (
				187CECA728B679B1009CE1C1 /* Preview Assets.xcassets */,
			);
			path = "Preview Content";
			sourceTree = "<group>";
		};
/* End PBXGroup section */

/* Begin PBXNativeTarget section */
		187CEC9C28B679AF009CE1C1 /* Foodr */ = {
			isa = PBXNativeTarget;
			buildConfigurationList = 187CECAB28B679B1009CE1C1 /* Build configuration list for PBXNativeTarget "Foodr" */;
			buildPhases = (
				187CEC9928B679AF009CE1C1 /* Sources */,
				187CEC9A28B679AF009CE1C1 /* Frameworks */,
				187CEC9B28B679AF009CE1C1 /* Resources */,
			);
			buildRules = (
			);
			dependencies = (
			);
			name = Foodr;
			packageProductDependencies = (
				187CECAF28B67F83009CE1C1 /* MQTTNIO */,
				187CECB228B68146009CE1C1 /* SotoSigner */,
			);
			productName = Foodr;
			productReference = 187CEC9D28B679AF009CE1C1 /* Foodr.app */;
			productType = "com.apple.product-type.application";
		};
/* End PBXNativeTarget section */

/* Begin PBXProject section */
		187CEC9528B679AE009CE1C1 /* Project object */ = {
			isa = PBXProject;
			attributes = {
				BuildIndependentTargetsInParallel = 1;
				LastSwiftUpdateCheck = 1340;
				LastUpgradeCheck = 1340;
				TargetAttributes = {
					187CEC9C28B679AF009CE1C1 = {
						CreatedOnToolsVersion = 13.4.1;
					};
				};
			};
			buildConfigurationList = 187CEC9828B679AE009CE1C1 /* Build configuration list for PBXProject "Foodr" */;
			compatibilityVersion = "Xcode 13.0";
			developmentRegion = en;
			hasScannedForEncodings = 0;
			knownRegions = (
				en,
				Base,
			);
			mainGroup = 187CEC9428B679AE009CE1C1;
			packageReferences = (
				187CECAE28B67F83009CE1C1 /* XCRemoteSwiftPackageReference "mqtt-nio" */,
				187CECB128B68146009CE1C1 /* XCRemoteSwiftPackageReference "soto" */,
			);
			productRefGroup = 187CEC9E28B679AF009CE1C1 /* Products */;
			projectDirPath = "";
			projectRoot = "";
			targets = (
				187CEC9C28B679AF009CE1C1 /* Foodr */,
			);
		};
/* End PBXProject section */

/* Begin PBXResourcesBuildPhase section */
		187CEC9B28B679AF009CE1C1 /* Resources */ = {
			isa = PBXResourcesBuildPhase;
			buildActionMask = 2147483647;
			files = (
				187CECA828B679B1009CE1C1 /* Preview Assets.xcassets in Resources */,
				187CECA528B679B1009CE1C1 /* Assets.xcassets in Resources */,
			);
			runOnlyForDeploymentPostprocessing = 0;
		};
/* End PBXResourcesBuildPhase section */

/* Begin PBXSourcesBuildPhase section */
		187CEC9928B679AF009CE1C1 /* Sources */ = {
			isa = PBXSourcesBuildPhase;
			buildActionMask = 2147483647;
			files = (
				187CECA328B679AF009CE1C1 /* ContentView.swift in Sources */,
				187CECB528B7769B009CE1C1 /* ViewModel.swift in Sources */,
				187CECA128B679AF009CE1C1 /* FoodrApp.swift in Sources */,
			);
			runOnlyForDeploymentPostprocessing = 0;
		};
/* End PBXSourcesBuildPhase section */

/* Begin XCBuildConfiguration section */
		187CECA928B679B1009CE1C1 /* Debug */ = {
			isa = XCBuildConfiguration;
			buildSettings = {
				ALWAYS_SEARCH_USER_PATHS = NO;
				CLANG_ANALYZER_NONNULL = YES;
				CLANG_ANALYZER_NUMBER_OBJECT_CONVERSION = YES_AGGRESSIVE;
				CLANG_CXX_LANGUAGE_STANDARD = "gnu++17";
				CLANG_ENABLE_MODULES = YES;
				CLANG_ENABLE_OBJC_ARC = YES;
				CLANG_ENABLE_OBJC_WEAK = YES;
				CLANG_WARN_BLOCK_CAPTURE_AUTORELEASING = YES;
				CLANG_WARN_BOOL_CONVERSION = YES;
				CLANG_WARN_COMMA = YES;
				CLANG_WARN_CONSTANT_CONVERSION = YES;
				CLANG_WARN_DEPRECATED_OBJC_IMPLEMENTATIONS = YES;
				CLANG_WARN_DIRECT_OBJC_ISA_USAGE = YES_ERROR;
				CLANG_WARN_DOCUMENTATION_COMMENTS = YES;
				CLANG_WARN_EMPTY_BODY = YES;
				CLANG_WARN_ENUM_CONVERSION = YES;
				CLANG_WARN_INFINITE_RECURSION = YES;
				CLANG_WARN_INT_CONVERSION = YES;
				CLANG_WARN_NON_LITERAL_NULL_CONVERSION = YES;
				CLANG_WARN_OBJC_IMPLICIT_RETAIN_SELF = YES;
				CLANG_WARN_OBJC_LITERAL_CONVERSION = YES;
				CLANG_WARN_OBJC_ROOT_CLASS = YES_ERROR;
				CLANG_WARN_QUOTED_INCLUDE_IN_FRAMEWORK_HEADER = YES;
				CLANG_WARN_RANGE_LOOP_ANALYSIS = YES;
				CLANG_WARN_STRICT_PROTOTYPES = YES;
				CLANG_WARN_SUSPICIOUS_MOVE = YES;
				CLANG_WARN_UNGUARDED_AVAILABILITY = YES_AGGRESSIVE;
				CLANG_WARN_UNREACHABLE_CODE = YES;
				CLANG_WARN__DUPLICATE_METHOD_MATCH = YES;
				COPY_PHASE_STRIP = NO;
				DEBUG_INFORMATION_FORMAT = dwarf;
				ENABLE_STRICT_OBJC_MSGSEND = YES;
				ENABLE_TESTABILITY = YES;
				GCC_C_LANGUAGE_STANDARD = gnu11;
				GCC_DYNAMIC_NO_PIC = NO;
				GCC_NO_COMMON_BLOCKS = YES;
				GCC_OPTIMIZATION_LEVEL = 0;
				GCC_PREPROCESSOR_DEFINITIONS = (
					"DEBUG=1",
					"$(inherited)",
				);
				GCC_WARN_64_TO_32_BIT_CONVERSION = YES;
				GCC_WARN_ABOUT_RETURN_TYPE = YES_ERROR;
				GCC_WARN_UNDECLARED_SELECTOR = YES;
				GCC_WARN_UNINITIALIZED_AUTOS = YES_AGGRESSIVE;
				GCC_WARN_UNUSED_FUNCTION = YES;
				GCC_WARN_UNUSED_VARIABLE = YES;
				IPHONEOS_DEPLOYMENT_TARGET = 15.5;
				MTL_ENABLE_DEBUG_INFO = INCLUDE_SOURCE;
				MTL_FAST_MATH = YES;
				ONLY_ACTIVE_ARCH = YES;
				SDKROOT = iphoneos;
				SWIFT_ACTIVE_COMPILATION_CONDITIONS = DEBUG;
				SWIFT_OPTIMIZATION_LEVEL = "-Onone";
			};
			name = Debug;
		};
		187CECAA28B679B1009CE1C1 /* Release */ = {
			isa = XCBuildConfiguration;
			buildSettings = {
				ALWAYS_SEARCH_USER_PATHS = NO;
				CLANG_ANALYZER_NONNULL = YES;
				CLANG_ANALYZER_NUMBER_OBJECT_CONVERSION = YES_AGGRESSIVE;
				CLANG_CXX_LANGUAGE_STANDARD = "gnu++17";
				CLANG_ENABLE_MODULES = YES;
				CLANG_ENABLE_OBJC_ARC = YES;
				CLANG_ENABLE_OBJC_WEAK = YES;
				CLANG_WARN_BLOCK_CAPTURE_AUTORELEASING = YES;
				CLANG_WARN_BOOL_CONVERSION = YES;
				CLANG_WARN_COMMA = YES;
				CLANG_WARN_CONSTANT_CONVERSION = YES;
				CLANG_WARN_DEPRECATED_OBJC_IMPLEMENTATIONS = YES;
				CLANG_WARN_DIRECT_OBJC_ISA_USAGE = YES_ERROR;
				CLANG_WARN_DOCUMENTATION_COMMENTS = YES;
				CLANG_WARN_EMPTY_BODY = YES;
				CLANG_WARN_ENUM_CONVERSION = YES;
				CLANG_WARN_INFINITE_RECURSION = YES;
				CLANG_WARN_INT_CONVERSION = YES;
				CLANG_WARN_NON_LITERAL_NULL_CONVERSION = YES;
				CLANG_WARN_OBJC_IMPLICIT_RETAIN_SELF = YES;
				CLANG_WARN_OBJC_LITERAL_CONVERSION = YES;
				CLANG_WARN_OBJC_ROOT_CLASS = YES_ERROR;
				CLANG_WARN_QUOTED_INCLUDE_IN_FRAMEWORK_HEADER = YES;
				CLANG_WARN_RANGE_LOOP_ANALYSIS = YES;
				CLANG_WARN_STRICT_PROTOTYPES = YES;
				CLANG_WARN_SUSPICIOUS_MOVE = YES;
				CLANG_WARN_UNGUARDED_AVAILABILITY = YES_AGGRESSIVE;
				CLANG_WARN_UNREACHABLE_CODE = YES;
				CLANG_WARN__DUPLICATE_METHOD_MATCH = YES;
				COPY_PHASE_STRIP = NO;
				DEBUG_INFORMATION_FORMAT = "dwarf-with-dsym";
				ENABLE_NS_ASSERTIONS = NO;
				ENABLE_STRICT_OBJC_MSGSEND = YES;
				GCC_C_LANGUAGE_STANDARD = gnu11;
				GCC_NO_COMMON_BLOCKS = YES;
				GCC_WARN_64_TO_32_BIT_CONVERSION = YES;
				GCC_WARN_ABOUT_RETURN_TYPE = YES_ERROR;
				GCC_WARN_UNDECLARED_SELECTOR = YES;
				GCC_WARN_UNINITIALIZED_AUTOS = YES_AGGRESSIVE;
				GCC_WARN_UNUSED_FUNCTION = YES;
				GCC_WARN_UNUSED_VARIABLE = YES;
				IPHONEOS_DEPLOYMENT_TARGET = 15.5;
				MTL_ENABLE_DEBUG_INFO = NO;
				MTL_FAST_MATH = YES;
				SDKROOT = iphoneos;
				SWIFT_COMPILATION_MODE = wholemodule;
				SWIFT_OPTIMIZATION_LEVEL = "-O";
				VALIDATE_PRODUCT = YES;
			};
			name = Release;
		};
		187CECAC28B679B1009CE1C1 /* Debug */ = {
			isa = XCBuildConfiguration;
			buildSettings = {
				ASSETCATALOG_COMPILER_APPICON_NAME = AppIcon;
				ASSETCATALOG_COMPILER_GLOBAL_ACCENT_COLOR_NAME = AccentColor;
				CODE_SIGN_STYLE = Automatic;
				CURRENT_PROJECT_VERSION = 1;
				DEVELOPMENT_ASSET_PATHS = "\"Foodr/Preview Content\"";
				DEVELOPMENT_TEAM = 884CEH34SJ;
				ENABLE_PREVIEWS = YES;
				GENERATE_INFOPLIST_FILE = YES;
				INFOPLIST_KEY_UIApplicationSceneManifest_Generation = YES;
				INFOPLIST_KEY_UIApplicationSupportsIndirectInputEvents = YES;
				INFOPLIST_KEY_UILaunchScreen_Generation = YES;
				INFOPLIST_KEY_UISupportedInterfaceOrientations_iPad = "UIInterfaceOrientationPortrait UIInterfaceOrientationPortraitUpsideDown UIInterfaceOrientationLandscapeLeft UIInterfaceOrientationLandscapeRight";
				INFOPLIST_KEY_UISupportedInterfaceOrientations_iPhone = "UIInterfaceOrientationPortrait UIInterfaceOrientationLandscapeLeft UIInterfaceOrientationLandscapeRight";
				LD_RUNPATH_SEARCH_PATHS = (
					"$(inherited)",
					"@executable_path/Frameworks",
				);
				MARKETING_VERSION = 1.0;
				PRODUCT_BUNDLE_IDENTIFIER = aminakov.Foodr;
				PRODUCT_NAME = "$(TARGET_NAME)";
				SWIFT_EMIT_LOC_STRINGS = YES;
				SWIFT_VERSION = 5.0;
				TARGETED_DEVICE_FAMILY = "1,2";
			};
			name = Debug;
		};
		187CECAD28B679B1009CE1C1 /* Release */ = {
			isa = XCBuildConfiguration;
			buildSettings = {
				ASSETCATALOG_COMPILER_APPICON_NAME = AppIcon;
				ASSETCATALOG_COMPILER_GLOBAL_ACCENT_COLOR_NAME = AccentColor;
				CODE_SIGN_STYLE = Automatic;
				CURRENT_PROJECT_VERSION = 1;
				DEVELOPMENT_ASSET_PATHS = "\"Foodr/Preview Content\"";
				DEVELOPMENT_TEAM = 884CEH34SJ;
				ENABLE_PREVIEWS = YES;
				GENERATE_INFOPLIST_FILE = YES;
				INFOPLIST_KEY_UIApplicationSceneManifest_Generation = YES;
				INFOPLIST_KEY_UIApplicationSupportsIndirectInputEvents = YES;
				INFOPLIST_KEY_UILaunchScreen_Generation = YES;
				INFOPLIST_KEY_UISupportedInterfaceOrientations_iPad = "UIInterfaceOrientationPortrait UIInterfaceOrientationPortraitUpsideDown UIInterfaceOrientationLandscapeLeft UIInterfaceOrientationLandscapeRight";
				INFOPLIST_KEY_UISupportedInterfaceOrientations_iPhone = "UIInterfaceOrientationPortrait UIInterfaceOrientationLandscapeLeft UIInterfaceOrientationLandscapeRight";
				LD_RUNPATH_SEARCH_PATHS = (
					"$(inherited)",
					"@executable_path/Frameworks",
				);
				MARKETING_VERSION = 1.0;
				PRODUCT_BUNDLE_IDENTIFIER = aminakov.Foodr;
				PRODUCT_NAME = "$(TARGET_NAME)";
				SWIFT_EMIT_LOC_STRINGS = YES;
				SWIFT_VERSION = 5.0;
				TARGETED_DEVICE_FAMILY = "1,2";
			};
			name = Release;
		};
/* End XCBuildConfiguration section */

/* Begin XCConfigurationList section */
		187CEC9828B679AE009CE1C1 /* Build configuration list for PBXProject "Foodr" */ = {
			isa = XCConfigurationList;
			buildConfigurations = (
				187CECA928B679B1009CE1C1 /* Debug */,
				187CECAA28B679B1009CE1C1 /* Release */,
			);
			defaultConfigurationIsVisible = 0;
			defaultConfigurationName = Release;
		};
		187CECAB28B679B1009CE1C1 /* Build configuration list for PBXNativeTarget "Foodr" */ = {
			isa = XCConfigurationList;
			buildConfigurations = (
				187CECAC28B679B1009CE1C1 /* Debug */,
				187CECAD28B679B1009CE1C1 /* Release */,
			);
			defaultConfigurationIsVisible = 0;
			defaultConfigurationName = Release;
		};
/* End XCConfigurationList section */

/* Begin XCRemoteSwiftPackageReference section */
		187CECAE28B67F83009CE1C1 /* XCRemoteSwiftPackageReference "mqtt-nio" */ = {
			isa = XCRemoteSwiftPackageReference;
			repositoryURL = "https://github.com/swift-server-community/mqtt-nio.git";
			requirement = {
				kind = upToNextMajorVersion;
				minimumVersion = 2.6.0;
			};
		};
		187CECB128B68146009CE1C1 /* XCRemoteSwiftPackageReference "soto" */ = {
			isa = XCRemoteSwiftPackageReference;
			repositoryURL = "https://github.com/soto-project/soto.git";
			requirement = {
				kind = upToNextMajorVersion;
				minimumVersion = 6.1.0;
			};
		};
/* End XCRemoteSwiftPackageReference section */

/* Begin XCSwiftPackageProductDependency section */
		187CECAF28B67F83009CE1C1 /* MQTTNIO */ = {
			isa = XCSwiftPackageProductDependency;
			package = 187CECAE28B67F83009CE1C1 /* XCRemoteSwiftPackageReference "mqtt-nio" */;
			productName = MQTTNIO;
		};
		187CECB228B68146009CE1C1 /* SotoSigner */ = {
			isa = XCSwiftPackageProductDependency;
			package = 187CECB128B68146009CE1C1 /* XCRemoteSwiftPackageReference "soto" */;
			productName = SotoSigner;
		};
/* End XCSwiftPackageProductDependency section */
	};
	rootObject = 187CEC9528B679AE009CE1C1 /* Project object */;
}
